{
  "name": "simple-example",
  "version": "0.0.1",
  "lockfileVersion": 3,
  "requires": true,
  "packages": {
    "": {
      "name": "simple-example",
      "version": "0.0.1",
      "devDependencies": {
        "serverless-duplocloud": "../../"
      }
    },
    "../..": {
      "name": "serverless-duplocloud",
      "version": "0.0.5",
      "dev": true,
      "license": "MIT",
      "dependencies": {
        "axios": "^1.7.9"
      },
      "devDependencies": {
        "@eslint/js": "^9.16.0",
        "@types/jest": "^29.5.14",
        "@types/serverless": "^3.12.24",
        "eslint": "^9.16.0",
        "jest": "^29.7.0",
        "ts-jest": "^29.2.5",
        "ts-node": "^10.9.2",
        "typescript": "^5.7.2",
        "typescript-eslint": "^8.17.0"
      },
      "peerDependencies": {
        "serverless": "^4.4.14"
      }
    },
    "node_modules/serverless-duplocloud": {
      "resolved": "../..",
      "link": true
    }
  }
}
