{
  "name": "simple-example",
  "version": "0.0.1",
  "lockfileVersion": 3,
  "requires": true,
  "packages": {
    "": {
      "name": "simple-example",
      "version": "0.0.1",
      "devDependencies": {
        "serverless-duplocloud": "../../"
      }
    },
    "../..": {
      "name": "serverless-duplocloud",
      "version": "0.0.1",
      "dev": true,
      "license": "MIT",
      "dependencies": {
        "@types/serverless": "^3.12.24"
      },
      "devDependencies": {
        "eslint": "^9.16.0",
        "ts-node": "^10.9.2",
        "typescript": "^5.7.2"
      },
      "peerDependencies": {
        "serverless": "^4.4.14"
      }
    },
    "node_modules/serverless-duplocloud": {
      "resolved": "../..",
      "link": true
    }
  }
}
